
Microsoft Visual Studio Solution File, Format Version 12.00
# Visual Studio 2013
VisualStudioVersion = 12.0.31101.0
MinimumVisualStudioVersion = 10.0.40219.1
Project("{8BC9CEB8-8B4A-11D0-8D11-00A0C91BC942}") = "ClockT", "ClockT\ClockT.vcxproj", "{5AD46933-511E-4227-8755-85A6350C25A8}"
EndProject
Project("{8BC9CEB8-8B4A-11D0-8D11-00A0C91BC942}") = "ClockTest", "ClockTest\ClockTest.vcxproj", "{8BADBDC0-3201-46BA-A96A-4F5C978903E6}"
EndProject
Global
	GlobalSection(SolutionConfigurationPlatforms) = preSolution
		Debug|Win32 = Debug|Win32
		Release|Win32 = Release|Win32
	EndGlobalSection
	GlobalSection(ProjectConfigurationPlatforms) = postSolution
		{5AD46933-511E-4227-8755-85A6350C25A8}.Debug|Win32.ActiveCfg = Debug|Win32
		{5AD46933-511E-4227-8755-85A6350C25A8}.Debug|Win32.Build.0 = Debug|Win32
		{5AD46933-511E-4227-8755-85A6350C25A8}.Release|Win32.ActiveCfg = Release|Win32
		{5AD46933-511E-4227-8755-85A6350C25A8}.Release|Win32.Build.0 = Release|Win32
		{8BADBDC0-3201-46BA-A96A-4F5C978903E6}.Debug|Win32.ActiveCfg = Debug|Win32
		{8BADBDC0-3201-46BA-A96A-4F5C978903E6}.Debug|Win32.Build.0 = Debug|Win32
		{8BADBDC0-3201-46BA-A96A-4F5C978903E6}.Release|Win32.ActiveCfg = Release|Win32
		{8BADBDC0-3201-46BA-A96A-4F5C978903E6}.Release|Win32.Build.0 = Release|Win32
	EndGlobalSection
	GlobalSection(SolutionProperties) = preSolution
		HideSolutionNode = FALSE
	EndGlobalSection
EndGlobal
